{
    "_readme": [
        "This file locks the dependencies of your project to a known state",
        "Read more about it at https://getcomposer.org/doc/01-basic-usage.md#installing-dependencies",
        "This file is @generated automatically"
    ],
    "content-hash": "229a208e746d744769d279c5874a6ca2",
    "packages": [],
    "packages-dev": [
        {
            "name": "christophwurst/nextcloud",
            "version": "v14.0.4",
            "source": {
                "type": "git",
                "url": "https://github.com/ChristophWurst/nextcloud_composer.git",
                "reference": "cfe25d62c66c52edc9d59a3f3327801c057549f2"
            },
            "dist": {
                "type": "zip",
                "url": "https://api.github.com/repos/ChristophWurst/nextcloud_composer/zipball/cfe25d62c66c52edc9d59a3f3327801c057549f2",
                "reference": "cfe25d62c66c52edc9d59a3f3327801c057549f2",
                "shasum": ""
            },
            "type": "library",
            "extra": {
                "branch-alias": {
                    "dev-master": "14.0.0-dev"
                }
            },
            "notification-url": "https://packagist.org/downloads/",
            "license": [
                "AGPL-3.0-or-later"
            ],
            "authors": [
                {
                    "name": "Christoph Wurst",
                    "email": "christoph@winzerhof-wurst.at"
                }
            ],
            "description": "Composer package containing Nextcloud's public API (classes, interfaces)",
            "time": "2018-12-05T11:30:34+00:00"
        }
    ],
    "aliases": [],
    "minimum-stability": "stable",
    "stability-flags": [],
    "prefer-stable": false,
    "prefer-lowest": false,
    "platform": [],
    "platform-dev": []
}
