{
    "_readme": [
        "This file locks the dependencies of your project to a known state",
        "Read more about it at https://getcomposer.org/doc/01-basic-usage.md#composer-lock-the-lock-file",
        "This file is @generated automatically"
    ],
    "hash": "458e4bc535802b31f2060c0b94d2b776",
    "content-hash": "a24d3a51895241d648fa03cfb4828965",
    "packages": [],
    "packages-dev": [
        {
            "name": "christophwurst/nextcloud",
            "version": "12.0.0",
            "source": {
                "type": "git",
                "url": "https://github.com/ChristophWurst/nextcloud_composer.git",
                "reference": "2b85ca1531926e8475e3c40f47be28b51580fcb6"
            },
            "dist": {
                "type": "zip",
                "url": "https://api.github.com/repos/ChristophWurst/nextcloud_composer/zipball/2b85ca1531926e8475e3c40f47be28b51580fcb6",
                "reference": "2b85ca1531926e8475e3c40f47be28b51580fcb6",
                "shasum": ""
            },
            "type": "library",
            "notification-url": "https://packagist.org/downloads/",
            "license": [
                "AGPLv3"
            ],
            "authors": [
                {
                    "name": "Christoph Wurst",
                    "email": "christoph@winzerhof-wurst.at"
                }
            ],
            "description": "Composer package containing Nextcloud's public API (classes, interfaces)",
            "time": "2017-09-20 09:46:46"
        }
    ],
    "aliases": [],
    "minimum-stability": "stable",
    "stability-flags": [],
    "prefer-stable": false,
    "prefer-lowest": false,
    "platform": [],
    "platform-dev": []
}
